
Microsoft Visual Studio Solution File, Format Version 12.00
# Visual Studio Version 17
VisualStudioVersion = 17.5.33402.96
MinimumVisualStudioVersion = 10.0.40219.1
Project("{FAE04EC0-301F-11D3-BF4B-00C04F79EFBC}") = "GreatIdeas.MailServices.MsGraph", "GreatIdeas.MailServices.MsGraph\GreatIdeas.MailServices.MsGraph.csproj", "{BDA92AA8-61BC-4A95-9C14-EF5E8E5AEF04}"
EndProject
Project("{FAE04EC0-301F-11D3-BF4B-00C04F79EFBC}") = "GreatIdeas.MailServices", "GreatIdeas.MailServices\GreatIdeas.MailServices.csproj", "{3FF206A6-0135-4F3D-A599-5CA8A6214996}"
EndProject
Global
	GlobalSection(SolutionConfigurationPlatforms) = preSolution
		Debug|Any CPU = Debug|Any CPU
		Release|Any CPU = Release|Any CPU
	EndGlobalSection
	GlobalSection(ProjectConfigurationPlatforms) = postSolution
		{BDA92AA8-61BC-4A95-9C14-EF5E8E5AEF04}.Debug|Any CPU.ActiveCfg = Debug|Any CPU
		{BDA92AA8-61BC-4A95-9C14-EF5E8E5AEF04}.Debug|Any CPU.Build.0 = Debug|Any CPU
		{BDA92AA8-61BC-4A95-9C14-EF5E8E5AEF04}.Release|Any CPU.ActiveCfg = Release|Any CPU
		{BDA92AA8-61BC-4A95-9C14-EF5E8E5AEF04}.Release|Any CPU.Build.0 = Release|Any CPU
		{3FF206A6-0135-4F3D-A599-5CA8A6214996}.Debug|Any CPU.ActiveCfg = Debug|Any CPU
		{3FF206A6-0135-4F3D-A599-5CA8A6214996}.Debug|Any CPU.Build.0 = Debug|Any CPU
		{3FF206A6-0135-4F3D-A599-5CA8A6214996}.Release|Any CPU.ActiveCfg = Release|Any CPU
		{3FF206A6-0135-4F3D-A599-5CA8A6214996}.Release|Any CPU.Build.0 = Release|Any CPU
	EndGlobalSection
	GlobalSection(SolutionProperties) = preSolution
		HideSolutionNode = FALSE
	EndGlobalSection
	GlobalSection(ExtensibilityGlobals) = postSolution
		SolutionGuid = {66AA7D5A-84B5-4188-AAB1-F5A1C4F88437}
	EndGlobalSection
EndGlobal
